
Microsoft Visual Studio Solution File, Format Version 12.00
# Visual Studio Version 17
VisualStudioVersion = 17.8.34316.72
MinimumVisualStudioVersion = 10.0.40219.1
Project("{9A19103F-16F7-4668-BE54-9A1E7A4F7556}") = "LogSearch", "LogSearch\LogSearch.csproj", "{4F3CCD81-7AAB-4341-B042-E9FC0354D89A}"
EndProject
Project("{54435603-DBB4-11D2-8724-00A0C9A8B90C}") = "Instalador LogSearch", "Instalador LogSearch\Instalador LogSearch.vdproj", "{7A379D3A-1F4B-46C8-9D7D-CBEF317BF028}"
EndProject
Global
	GlobalSection(SolutionConfigurationPlatforms) = preSolution
		Debug|Any CPU = Debug|Any CPU
		Debug|x64 = Debug|x64
		Release|Any CPU = Release|Any CPU
		Release|x64 = Release|x64
	EndGlobalSection
	GlobalSection(ProjectConfigurationPlatforms) = postSolution
		{4F3CCD81-7AAB-4341-B042-E9FC0354D89A}.Debug|Any CPU.ActiveCfg = Debug|Any CPU
		{4F3CCD81-7AAB-4341-B042-E9FC0354D89A}.Debug|Any CPU.Build.0 = Debug|Any CPU
		{4F3CCD81-7AAB-4341-B042-E9FC0354D89A}.Debug|x64.ActiveCfg = Debug|x64
		{4F3CCD81-7AAB-4341-B042-E9FC0354D89A}.Debug|x64.Build.0 = Debug|x64
		{4F3CCD81-7AAB-4341-B042-E9FC0354D89A}.Release|Any CPU.ActiveCfg = Release|Any CPU
		{4F3CCD81-7AAB-4341-B042-E9FC0354D89A}.Release|Any CPU.Build.0 = Release|Any CPU
		{4F3CCD81-7AAB-4341-B042-E9FC0354D89A}.Release|x64.ActiveCfg = Release|x64
		{4F3CCD81-7AAB-4341-B042-E9FC0354D89A}.Release|x64.Build.0 = Release|x64
		{7A379D3A-1F4B-46C8-9D7D-CBEF317BF028}.Debug|Any CPU.ActiveCfg = Debug
		{7A379D3A-1F4B-46C8-9D7D-CBEF317BF028}.Debug|x64.ActiveCfg = Debug
		{7A379D3A-1F4B-46C8-9D7D-CBEF317BF028}.Release|Any CPU.ActiveCfg = Release
		{7A379D3A-1F4B-46C8-9D7D-CBEF317BF028}.Release|x64.ActiveCfg = Release
		{7A379D3A-1F4B-46C8-9D7D-CBEF317BF028}.Release|x64.Build.0 = Release
	EndGlobalSection
	GlobalSection(SolutionProperties) = preSolution
		HideSolutionNode = FALSE
	EndGlobalSection
	GlobalSection(ExtensibilityGlobals) = postSolution
		SolutionGuid = {B16C9575-2179-4B60-B558-DBCCC8558288}
	EndGlobalSection
EndGlobal
